Microsoft Visual Studio Solution File, Format Version 12.00
# Visual Studio Version 17
VisualStudioVersion = 17.5.2.0
MinimumVisualStudioVersion = 10.0.40219.1
Project("{FAE04EC0-301F-11D3-BF4B-00C04F79EFBC}") = "WebAppTareas", "WebAppTareas.csproj", "{BF10F5F7-9809-A2A5-5950-CA76B010EF2B}"
EndProject
Global
	GlobalSection(SolutionConfigurationPlatforms) = preSolution
		Debug|Any CPU = Debug|Any CPU
		Release|Any CPU = Release|Any CPU
	EndGlobalSection
	GlobalSection(ProjectConfigurationPlatforms) = postSolution
		{BF10F5F7-9809-A2A5-5950-CA76B010EF2B}.Debug|Any CPU.ActiveCfg = Debug|Any CPU
		{BF10F5F7-9809-A2A5-5950-CA76B010EF2B}.Debug|Any CPU.Build.0 = Debug|Any CPU
		{BF10F5F7-9809-A2A5-5950-CA76B010EF2B}.Release|Any CPU.ActiveCfg = Release|Any CPU
		{BF10F5F7-9809-A2A5-5950-CA76B010EF2B}.Release|Any CPU.Build.0 = Release|Any CPU
	EndGlobalSection
	GlobalSection(SolutionProperties) = preSolution
		HideSolutionNode = FALSE
	EndGlobalSection
	GlobalSection(ExtensibilityGlobals) = postSolution
		SolutionGuid = {203B5689-F962-42DF-ACA4-F67C35F3BC9E}
	EndGlobalSection
EndGlobal
